
Microsoft Visual Studio Solution File, Format Version 12.00
# Visual Studio Version 17
VisualStudioVersion = 17.0.31903.59
MinimumVisualStudioVersion = 10.0.40219.1
Project("{FAE04EC0-301F-11D3-BF4B-00C04F79EFBC}") = "OrderService", "OrderService\OrderService\OrderService.csproj", "{AF431122-A428-422A-A37A-A82239606B42}"
EndProject
Project("{FAE04EC0-301F-11D3-BF4B-00C04F79EFBC}") = "NotificationService", "NotificationService\NotificationService\NotificationService.csproj", "{08A8C4B7-AB09-4490-8D25-D27EAF582276}"
EndProject
Global
	GlobalSection(SolutionConfigurationPlatforms) = preSolution
		Debug|Any CPU = Debug|Any CPU
		Release|Any CPU = Release|Any CPU
	EndGlobalSection
	GlobalSection(ProjectConfigurationPlatforms) = postSolution
		{AF431122-A428-422A-A37A-A82239606B42}.Debug|Any CPU.ActiveCfg = Debug|Any CPU
		{AF431122-A428-422A-A37A-A82239606B42}.Debug|Any CPU.Build.0 = Debug|Any CPU
		{AF431122-A428-422A-A37A-A82239606B42}.Release|Any CPU.ActiveCfg = Release|Any CPU
		{AF431122-A428-422A-A37A-A82239606B42}.Release|Any CPU.Build.0 = Release|Any CPU
		{08A8C4B7-AB09-4490-8D25-D27EAF582276}.Debug|Any CPU.ActiveCfg = Debug|Any CPU
		{08A8C4B7-AB09-4490-8D25-D27EAF582276}.Debug|Any CPU.Build.0 = Debug|Any CPU
		{08A8C4B7-AB09-4490-8D25-D27EAF582276}.Release|Any CPU.ActiveCfg = Release|Any CPU
		{08A8C4B7-AB09-4490-8D25-D27EAF582276}.Release|Any CPU.Build.0 = Release|Any CPU
	EndGlobalSection
	GlobalSection(SolutionProperties) = preSolution
		HideSolutionNode = FALSE
	EndGlobalSection
EndGlobal
